
Microsoft Visual Studio Solution File, Format Version 12.00
# Visual Studio Version 16
VisualStudioVersion = 16.0.29215.179
MinimumVisualStudioVersion = 10.0.40219.1
Project("{9A19103F-16F7-4668-BE54-9A1E7A4F7556}") = "GameLol.Data", "GameLol.Data\GameLol.Data.csproj", "{21C0DC75-BFB0-44F7-812A-7F8750CB4755}"
EndProject
Project("{FAE04EC0-301F-11D3-BF4B-00C04F79EFBC}") = "GameLol.DoMain", "GameLol.DoMain\GameLol.DoMain.csproj", "{66327D66-E9EA-44CE-A628-4E2F6EDD762E}"
EndProject
Project("{FAE04EC0-301F-11D3-BF4B-00C04F79EFBC}") = "RazorPageGameLol", "RazorPageGameLol\RazorPageGameLol.csproj", "{F36CA4A5-5571-493C-BCA2-068F289D89BD}"
EndProject
Global
	GlobalSection(SolutionConfigurationPlatforms) = preSolution
		Debug|Any CPU = Debug|Any CPU
		Release|Any CPU = Release|Any CPU
	EndGlobalSection
	GlobalSection(ProjectConfigurationPlatforms) = postSolution
		{21C0DC75-BFB0-44F7-812A-7F8750CB4755}.Debug|Any CPU.ActiveCfg = Debug|Any CPU
		{21C0DC75-BFB0-44F7-812A-7F8750CB4755}.Debug|Any CPU.Build.0 = Debug|Any CPU
		{21C0DC75-BFB0-44F7-812A-7F8750CB4755}.Release|Any CPU.ActiveCfg = Release|Any CPU
		{21C0DC75-BFB0-44F7-812A-7F8750CB4755}.Release|Any CPU.Build.0 = Release|Any CPU
		{66327D66-E9EA-44CE-A628-4E2F6EDD762E}.Debug|Any CPU.ActiveCfg = Debug|Any CPU
		{66327D66-E9EA-44CE-A628-4E2F6EDD762E}.Debug|Any CPU.Build.0 = Debug|Any CPU
		{66327D66-E9EA-44CE-A628-4E2F6EDD762E}.Release|Any CPU.ActiveCfg = Release|Any CPU
		{66327D66-E9EA-44CE-A628-4E2F6EDD762E}.Release|Any CPU.Build.0 = Release|Any CPU
		{F36CA4A5-5571-493C-BCA2-068F289D89BD}.Debug|Any CPU.ActiveCfg = Debug|Any CPU
		{F36CA4A5-5571-493C-BCA2-068F289D89BD}.Debug|Any CPU.Build.0 = Debug|Any CPU
		{F36CA4A5-5571-493C-BCA2-068F289D89BD}.Release|Any CPU.ActiveCfg = Release|Any CPU
		{F36CA4A5-5571-493C-BCA2-068F289D89BD}.Release|Any CPU.Build.0 = Release|Any CPU
	EndGlobalSection
	GlobalSection(SolutionProperties) = preSolution
		HideSolutionNode = FALSE
	EndGlobalSection
	GlobalSection(ExtensibilityGlobals) = postSolution
		SolutionGuid = {8E46F572-D733-4C8E-B95D-014D7964367E}
	EndGlobalSection
EndGlobal
