
Microsoft Visual Studio Solution File, Format Version 12.00
# Visual Studio Version 16
VisualStudioVersion = 16.0.29215.179
MinimumVisualStudioVersion = 10.0.40219.1
Project("{9A19103F-16F7-4668-BE54-9A1E7A4F7556}") = "CodeFirstMigrationas", "CodeFirstMigrationas\CodeFirstMigrationas.csproj", "{9C2D7995-924D-4AB2-A998-52130CD6D407}"
EndProject
Project("{9A19103F-16F7-4668-BE54-9A1E7A4F7556}") = "ConfigurationSample", "ConfigurationSample\ConfigurationSample.csproj", "{E1190899-FCCF-4B37-BBD9-8919BE6A985B}"
EndProject
Project("{9A19103F-16F7-4668-BE54-9A1E7A4F7556}") = "EFmodel", "EFmodel\EFmodel.csproj", "{57877FFE-0349-4572-BFC3-BC77B952AB87}"
EndProject
Project("{FAE04EC0-301F-11D3-BF4B-00C04F79EFBC}") = "DatManagement.API", "DatManagement.API\DatManagement.API.csproj", "{702C1ACF-5C64-4D07-AEF6-31087D4DDEA1}"
EndProject
Project("{FAE04EC0-301F-11D3-BF4B-00C04F79EFBC}") = "DataManagement.Business", "DataManagement.Business\DataManagement.Business.csproj", "{9A4CCBAD-65E2-48CE-9B74-765A204D47DE}"
EndProject
Global
	GlobalSection(SolutionConfigurationPlatforms) = preSolution
		Debug|Any CPU = Debug|Any CPU
		Release|Any CPU = Release|Any CPU
	EndGlobalSection
	GlobalSection(ProjectConfigurationPlatforms) = postSolution
		{9C2D7995-924D-4AB2-A998-52130CD6D407}.Debug|Any CPU.ActiveCfg = Debug|Any CPU
		{9C2D7995-924D-4AB2-A998-52130CD6D407}.Debug|Any CPU.Build.0 = Debug|Any CPU
		{9C2D7995-924D-4AB2-A998-52130CD6D407}.Release|Any CPU.ActiveCfg = Release|Any CPU
		{9C2D7995-924D-4AB2-A998-52130CD6D407}.Release|Any CPU.Build.0 = Release|Any CPU
		{E1190899-FCCF-4B37-BBD9-8919BE6A985B}.Debug|Any CPU.ActiveCfg = Debug|Any CPU
		{E1190899-FCCF-4B37-BBD9-8919BE6A985B}.Debug|Any CPU.Build.0 = Debug|Any CPU
		{E1190899-FCCF-4B37-BBD9-8919BE6A985B}.Release|Any CPU.ActiveCfg = Release|Any CPU
		{E1190899-FCCF-4B37-BBD9-8919BE6A985B}.Release|Any CPU.Build.0 = Release|Any CPU
		{57877FFE-0349-4572-BFC3-BC77B952AB87}.Debug|Any CPU.ActiveCfg = Debug|Any CPU
		{57877FFE-0349-4572-BFC3-BC77B952AB87}.Debug|Any CPU.Build.0 = Debug|Any CPU
		{57877FFE-0349-4572-BFC3-BC77B952AB87}.Release|Any CPU.ActiveCfg = Release|Any CPU
		{57877FFE-0349-4572-BFC3-BC77B952AB87}.Release|Any CPU.Build.0 = Release|Any CPU
		{702C1ACF-5C64-4D07-AEF6-31087D4DDEA1}.Debug|Any CPU.ActiveCfg = Debug|Any CPU
		{702C1ACF-5C64-4D07-AEF6-31087D4DDEA1}.Debug|Any CPU.Build.0 = Debug|Any CPU
		{702C1ACF-5C64-4D07-AEF6-31087D4DDEA1}.Release|Any CPU.ActiveCfg = Release|Any CPU
		{702C1ACF-5C64-4D07-AEF6-31087D4DDEA1}.Release|Any CPU.Build.0 = Release|Any CPU
		{9A4CCBAD-65E2-48CE-9B74-765A204D47DE}.Debug|Any CPU.ActiveCfg = Debug|Any CPU
		{9A4CCBAD-65E2-48CE-9B74-765A204D47DE}.Debug|Any CPU.Build.0 = Debug|Any CPU
		{9A4CCBAD-65E2-48CE-9B74-765A204D47DE}.Release|Any CPU.ActiveCfg = Release|Any CPU
		{9A4CCBAD-65E2-48CE-9B74-765A204D47DE}.Release|Any CPU.Build.0 = Release|Any CPU
	EndGlobalSection
	GlobalSection(SolutionProperties) = preSolution
		HideSolutionNode = FALSE
	EndGlobalSection
	GlobalSection(ExtensibilityGlobals) = postSolution
		SolutionGuid = {9C7395CF-07D1-4A7F-B868-82A1FA3A066C}
	EndGlobalSection
EndGlobal
