
Microsoft Visual Studio Solution File, Format Version 12.00
# Visual Studio Version 16
VisualStudioVersion = 16.0.29215.179
MinimumVisualStudioVersion = 10.0.40219.1
Project("{FAE04EC0-301F-11D3-BF4B-00C04F79EFBC}") = "StudentAPI", "StudentAPI\StudentAPI.csproj", "{F3AEE446-E401-4CDC-BE9D-3DF7E629A00B}"
EndProject
Global
	GlobalSection(SolutionConfigurationPlatforms) = preSolution
		Debug|Any CPU = Debug|Any CPU
		Release|Any CPU = Release|Any CPU
	EndGlobalSection
	GlobalSection(ProjectConfigurationPlatforms) = postSolution
		{F3AEE446-E401-4CDC-BE9D-3DF7E629A00B}.Debug|Any CPU.ActiveCfg = Debug|Any CPU
		{F3AEE446-E401-4CDC-BE9D-3DF7E629A00B}.Debug|Any CPU.Build.0 = Debug|Any CPU
		{F3AEE446-E401-4CDC-BE9D-3DF7E629A00B}.Release|Any CPU.ActiveCfg = Release|Any CPU
		{F3AEE446-E401-4CDC-BE9D-3DF7E629A00B}.Release|Any CPU.Build.0 = Release|Any CPU
	EndGlobalSection
	GlobalSection(SolutionProperties) = preSolution
		HideSolutionNode = FALSE
	EndGlobalSection
	GlobalSection(ExtensibilityGlobals) = postSolution
		SolutionGuid = {AB8085B8-94E0-4F73-897B-C5650C116C9C}
	EndGlobalSection
EndGlobal
