
Microsoft Visual Studio Solution File, Format Version 12.00
# Visual Studio Version 16
VisualStudioVersion = 16.0.29215.179
MinimumVisualStudioVersion = 10.0.40219.1
Project("{9A19103F-16F7-4668-BE54-9A1E7A4F7556}") = "thuchanh", "thuchanh\thuchanh.csproj", "{33A694B0-5917-4965-93C2-81E60821CED2}"
EndProject
Project("{9A19103F-16F7-4668-BE54-9A1E7A4F7556}") = "Demo", "Demo\Demo.csproj", "{18792D7C-35DF-4668-902B-0AB5C8490A89}"
EndProject
Project("{9A19103F-16F7-4668-BE54-9A1E7A4F7556}") = "FileIo", "FileIo\FileIo.csproj", "{F842DCBB-CFC2-4A50-9E9B-14EE24028E55}"
EndProject
Project("{9A19103F-16F7-4668-BE54-9A1E7A4F7556}") = "Ex1AnhKhanh", "Ex1AnhKhanh\Ex1AnhKhanh.csproj", "{7017B921-64F5-44CA-9E75-B5F54EC1E487}"
EndProject
Project("{9A19103F-16F7-4668-BE54-9A1E7A4F7556}") = "ex2Anhkhanh", "ex2Anhkhanh\ex2Anhkhanh.csproj", "{18FC9826-F5B9-401B-AD3F-EE7EB4B95EF0}"
EndProject
Project("{9A19103F-16F7-4668-BE54-9A1E7A4F7556}") = "Ex3AnhKhanh", "Ex3AnhKhanh\Ex3AnhKhanh.csproj", "{52AFCF6D-9507-4A81-B1F3-A9DF5CEB087B}"
EndProject
Project("{9A19103F-16F7-4668-BE54-9A1E7A4F7556}") = "TestThu", "TestThu\TestThu.csproj", "{15E99279-5EDD-4638-AFC7-83E80D0473AF}"
EndProject
Project("{9A19103F-16F7-4668-BE54-9A1E7A4F7556}") = "BaiTapPokemon", "BaiTapPokemon\BaiTapPokemon.csproj", "{52EFC49D-2923-4977-B644-36A401804A98}"
EndProject
Project("{9A19103F-16F7-4668-BE54-9A1E7A4F7556}") = "ArrLuyenTap", "ArrLuyenTap\ArrLuyenTap.csproj", "{C513F790-C106-4752-8BC2-5BA7074C151E}"
EndProject
Project("{9A19103F-16F7-4668-BE54-9A1E7A4F7556}") = "SoSanhArrListVsList", "SoSanhArrListVsList\SoSanhArrListVsList.csproj", "{35A70F7B-00BA-400A-8753-CEA765DBBCB4}"
EndProject
Project("{FAE04EC0-301F-11D3-BF4B-00C04F79EFBC}") = "BaiTapCSV", "BaiTapCSV\BaiTapCSV.csproj", "{01270FFD-F536-458B-B60D-8D6259EBB805}"
EndProject
Global
	GlobalSection(SolutionConfigurationPlatforms) = preSolution
		Debug|Any CPU = Debug|Any CPU
		Release|Any CPU = Release|Any CPU
	EndGlobalSection
	GlobalSection(ProjectConfigurationPlatforms) = postSolution
		{33A694B0-5917-4965-93C2-81E60821CED2}.Debug|Any CPU.ActiveCfg = Debug|Any CPU
		{33A694B0-5917-4965-93C2-81E60821CED2}.Debug|Any CPU.Build.0 = Debug|Any CPU
		{33A694B0-5917-4965-93C2-81E60821CED2}.Release|Any CPU.ActiveCfg = Release|Any CPU
		{33A694B0-5917-4965-93C2-81E60821CED2}.Release|Any CPU.Build.0 = Release|Any CPU
		{18792D7C-35DF-4668-902B-0AB5C8490A89}.Debug|Any CPU.ActiveCfg = Debug|Any CPU
		{18792D7C-35DF-4668-902B-0AB5C8490A89}.Debug|Any CPU.Build.0 = Debug|Any CPU
		{18792D7C-35DF-4668-902B-0AB5C8490A89}.Release|Any CPU.ActiveCfg = Release|Any CPU
		{18792D7C-35DF-4668-902B-0AB5C8490A89}.Release|Any CPU.Build.0 = Release|Any CPU
		{F842DCBB-CFC2-4A50-9E9B-14EE24028E55}.Debug|Any CPU.ActiveCfg = Debug|Any CPU
		{F842DCBB-CFC2-4A50-9E9B-14EE24028E55}.Debug|Any CPU.Build.0 = Debug|Any CPU
		{F842DCBB-CFC2-4A50-9E9B-14EE24028E55}.Release|Any CPU.ActiveCfg = Release|Any CPU
		{F842DCBB-CFC2-4A50-9E9B-14EE24028E55}.Release|Any CPU.Build.0 = Release|Any CPU
		{7017B921-64F5-44CA-9E75-B5F54EC1E487}.Debug|Any CPU.ActiveCfg = Debug|Any CPU
		{7017B921-64F5-44CA-9E75-B5F54EC1E487}.Debug|Any CPU.Build.0 = Debug|Any CPU
		{7017B921-64F5-44CA-9E75-B5F54EC1E487}.Release|Any CPU.ActiveCfg = Release|Any CPU
		{7017B921-64F5-44CA-9E75-B5F54EC1E487}.Release|Any CPU.Build.0 = Release|Any CPU
		{18FC9826-F5B9-401B-AD3F-EE7EB4B95EF0}.Debug|Any CPU.ActiveCfg = Debug|Any CPU
		{18FC9826-F5B9-401B-AD3F-EE7EB4B95EF0}.Debug|Any CPU.Build.0 = Debug|Any CPU
		{18FC9826-F5B9-401B-AD3F-EE7EB4B95EF0}.Release|Any CPU.ActiveCfg = Release|Any CPU
		{18FC9826-F5B9-401B-AD3F-EE7EB4B95EF0}.Release|Any CPU.Build.0 = Release|Any CPU
		{52AFCF6D-9507-4A81-B1F3-A9DF5CEB087B}.Debug|Any CPU.ActiveCfg = Debug|Any CPU
		{52AFCF6D-9507-4A81-B1F3-A9DF5CEB087B}.Debug|Any CPU.Build.0 = Debug|Any CPU
		{52AFCF6D-9507-4A81-B1F3-A9DF5CEB087B}.Release|Any CPU.ActiveCfg = Release|Any CPU
		{52AFCF6D-9507-4A81-B1F3-A9DF5CEB087B}.Release|Any CPU.Build.0 = Release|Any CPU
		{15E99279-5EDD-4638-AFC7-83E80D0473AF}.Debug|Any CPU.ActiveCfg = Debug|Any CPU
		{15E99279-5EDD-4638-AFC7-83E80D0473AF}.Debug|Any CPU.Build.0 = Debug|Any CPU
		{15E99279-5EDD-4638-AFC7-83E80D0473AF}.Release|Any CPU.ActiveCfg = Release|Any CPU
		{15E99279-5EDD-4638-AFC7-83E80D0473AF}.Release|Any CPU.Build.0 = Release|Any CPU
		{52EFC49D-2923-4977-B644-36A401804A98}.Debug|Any CPU.ActiveCfg = Debug|Any CPU
		{52EFC49D-2923-4977-B644-36A401804A98}.Debug|Any CPU.Build.0 = Debug|Any CPU
		{52EFC49D-2923-4977-B644-36A401804A98}.Release|Any CPU.ActiveCfg = Release|Any CPU
		{52EFC49D-2923-4977-B644-36A401804A98}.Release|Any CPU.Build.0 = Release|Any CPU
		{C513F790-C106-4752-8BC2-5BA7074C151E}.Debug|Any CPU.ActiveCfg = Debug|Any CPU
		{C513F790-C106-4752-8BC2-5BA7074C151E}.Debug|Any CPU.Build.0 = Debug|Any CPU
		{C513F790-C106-4752-8BC2-5BA7074C151E}.Release|Any CPU.ActiveCfg = Release|Any CPU
		{C513F790-C106-4752-8BC2-5BA7074C151E}.Release|Any CPU.Build.0 = Release|Any CPU
		{35A70F7B-00BA-400A-8753-CEA765DBBCB4}.Debug|Any CPU.ActiveCfg = Debug|Any CPU
		{35A70F7B-00BA-400A-8753-CEA765DBBCB4}.Debug|Any CPU.Build.0 = Debug|Any CPU
		{35A70F7B-00BA-400A-8753-CEA765DBBCB4}.Release|Any CPU.ActiveCfg = Release|Any CPU
		{35A70F7B-00BA-400A-8753-CEA765DBBCB4}.Release|Any CPU.Build.0 = Release|Any CPU
		{01270FFD-F536-458B-B60D-8D6259EBB805}.Debug|Any CPU.ActiveCfg = Debug|Any CPU
		{01270FFD-F536-458B-B60D-8D6259EBB805}.Debug|Any CPU.Build.0 = Debug|Any CPU
		{01270FFD-F536-458B-B60D-8D6259EBB805}.Release|Any CPU.ActiveCfg = Release|Any CPU
		{01270FFD-F536-458B-B60D-8D6259EBB805}.Release|Any CPU.Build.0 = Release|Any CPU
	EndGlobalSection
	GlobalSection(SolutionProperties) = preSolution
		HideSolutionNode = FALSE
	EndGlobalSection
	GlobalSection(ExtensibilityGlobals) = postSolution
		SolutionGuid = {89853BBD-5A5F-4AB5-9719-50C90E77B5E6}
	EndGlobalSection
EndGlobal
