
Microsoft Visual Studio Solution File, Format Version 12.00
# Visual Studio Version 16
VisualStudioVersion = 16.0.29215.179
MinimumVisualStudioVersion = 10.0.40219.1
Project("{9A19103F-16F7-4668-BE54-9A1E7A4F7556}") = "thuchanh", "thuchanh\thuchanh.csproj", "{33A694B0-5917-4965-93C2-81E60821CED2}"
EndProject
Project("{FAE04EC0-301F-11D3-BF4B-00C04F79EFBC}") = "Demo", "Demo\Demo.csproj", "{18792D7C-35DF-4668-902B-0AB5C8490A89}"
EndProject
Global
	GlobalSection(SolutionConfigurationPlatforms) = preSolution
		Debug|Any CPU = Debug|Any CPU
		Release|Any CPU = Release|Any CPU
	EndGlobalSection
	GlobalSection(ProjectConfigurationPlatforms) = postSolution
		{33A694B0-5917-4965-93C2-81E60821CED2}.Debug|Any CPU.ActiveCfg = Debug|Any CPU
		{33A694B0-5917-4965-93C2-81E60821CED2}.Debug|Any CPU.Build.0 = Debug|Any CPU
		{33A694B0-5917-4965-93C2-81E60821CED2}.Release|Any CPU.ActiveCfg = Release|Any CPU
		{33A694B0-5917-4965-93C2-81E60821CED2}.Release|Any CPU.Build.0 = Release|Any CPU
		{18792D7C-35DF-4668-902B-0AB5C8490A89}.Debug|Any CPU.ActiveCfg = Debug|Any CPU
		{18792D7C-35DF-4668-902B-0AB5C8490A89}.Debug|Any CPU.Build.0 = Debug|Any CPU
		{18792D7C-35DF-4668-902B-0AB5C8490A89}.Release|Any CPU.ActiveCfg = Release|Any CPU
		{18792D7C-35DF-4668-902B-0AB5C8490A89}.Release|Any CPU.Build.0 = Release|Any CPU
	EndGlobalSection
	GlobalSection(SolutionProperties) = preSolution
		HideSolutionNode = FALSE
	EndGlobalSection
	GlobalSection(ExtensibilityGlobals) = postSolution
		SolutionGuid = {89853BBD-5A5F-4AB5-9719-50C90E77B5E6}
	EndGlobalSection
EndGlobal
