
Microsoft Visual Studio Solution File, Format Version 12.00
# Visual Studio Version 16
VisualStudioVersion = 16.0.29215.179
MinimumVisualStudioVersion = 10.0.40219.1
Project("{FAE04EC0-301F-11D3-BF4B-00C04F79EFBC}") = "RazorPage", "RazorPage\RazorPage.csproj", "{201AAFDD-DB1C-4B9E-AC7B-81A2A923F130}"
EndProject
Project("{FAE04EC0-301F-11D3-BF4B-00C04F79EFBC}") = "QLS.Domain", "QLS.Domain\QLS.Domain.csproj", "{4E21B5D0-2FA7-4C19-8A31-C370EA6972C6}"
EndProject
Project("{FAE04EC0-301F-11D3-BF4B-00C04F79EFBC}") = "QLS.Data", "QLS.Data\QLS.Data.csproj", "{3FD283B2-CD53-45A0-9C20-2EDDE5A6BF95}"
EndProject
Global
	GlobalSection(SolutionConfigurationPlatforms) = preSolution
		Debug|Any CPU = Debug|Any CPU
		Release|Any CPU = Release|Any CPU
	EndGlobalSection
	GlobalSection(ProjectConfigurationPlatforms) = postSolution
		{201AAFDD-DB1C-4B9E-AC7B-81A2A923F130}.Debug|Any CPU.ActiveCfg = Debug|Any CPU
		{201AAFDD-DB1C-4B9E-AC7B-81A2A923F130}.Debug|Any CPU.Build.0 = Debug|Any CPU
		{201AAFDD-DB1C-4B9E-AC7B-81A2A923F130}.Release|Any CPU.ActiveCfg = Release|Any CPU
		{201AAFDD-DB1C-4B9E-AC7B-81A2A923F130}.Release|Any CPU.Build.0 = Release|Any CPU
		{4E21B5D0-2FA7-4C19-8A31-C370EA6972C6}.Debug|Any CPU.ActiveCfg = Debug|Any CPU
		{4E21B5D0-2FA7-4C19-8A31-C370EA6972C6}.Debug|Any CPU.Build.0 = Debug|Any CPU
		{4E21B5D0-2FA7-4C19-8A31-C370EA6972C6}.Release|Any CPU.ActiveCfg = Release|Any CPU
		{4E21B5D0-2FA7-4C19-8A31-C370EA6972C6}.Release|Any CPU.Build.0 = Release|Any CPU
		{3FD283B2-CD53-45A0-9C20-2EDDE5A6BF95}.Debug|Any CPU.ActiveCfg = Debug|Any CPU
		{3FD283B2-CD53-45A0-9C20-2EDDE5A6BF95}.Debug|Any CPU.Build.0 = Debug|Any CPU
		{3FD283B2-CD53-45A0-9C20-2EDDE5A6BF95}.Release|Any CPU.ActiveCfg = Release|Any CPU
		{3FD283B2-CD53-45A0-9C20-2EDDE5A6BF95}.Release|Any CPU.Build.0 = Release|Any CPU
	EndGlobalSection
	GlobalSection(SolutionProperties) = preSolution
		HideSolutionNode = FALSE
	EndGlobalSection
	GlobalSection(ExtensibilityGlobals) = postSolution
		SolutionGuid = {4210F6CD-D015-4E56-BDDB-624D7F78F84B}
	EndGlobalSection
EndGlobal
