
Microsoft Visual Studio Solution File, Format Version 12.00
# Visual Studio Version 16
VisualStudioVersion = 16.0.29215.179
MinimumVisualStudioVersion = 10.0.40219.1
Project("{9A19103F-16F7-4668-BE54-9A1E7A4F7556}") = "Practical 1", "Practical 1\Practical 1.csproj", "{FFABC738-3692-4E2E-BFE3-92525BB36328}"
EndProject
Project("{9A19103F-16F7-4668-BE54-9A1E7A4F7556}") = "Product", "Practical 2\Product.csproj", "{65B459D5-5A91-4932-9D85-F3FFD401B2F5}"
EndProject
Project("{9A19103F-16F7-4668-BE54-9A1E7A4F7556}") = "Zoo", "Zoo\Zoo.csproj", "{73820DE4-4A63-4E06-9FF0-751EAC1655D2}"
EndProject
Project("{9A19103F-16F7-4668-BE54-9A1E7A4F7556}") = "AnimalManagementSystem", "AnimalManagementSystem\AnimalManagementSystem.csproj", "{8F3495E5-BC55-4893-8CC2-085727CF5670}"
EndProject
Project("{FAE04EC0-301F-11D3-BF4B-00C04F79EFBC}") = "NewManagement", "NewManagement\NewManagement.csproj", "{66B47B3F-B62D-4CF3-AE83-8321CA2853E7}"
EndProject
Global
	GlobalSection(SolutionConfigurationPlatforms) = preSolution
		Debug|Any CPU = Debug|Any CPU
		Release|Any CPU = Release|Any CPU
	EndGlobalSection
	GlobalSection(ProjectConfigurationPlatforms) = postSolution
		{FFABC738-3692-4E2E-BFE3-92525BB36328}.Debug|Any CPU.ActiveCfg = Debug|Any CPU
		{FFABC738-3692-4E2E-BFE3-92525BB36328}.Debug|Any CPU.Build.0 = Debug|Any CPU
		{FFABC738-3692-4E2E-BFE3-92525BB36328}.Release|Any CPU.ActiveCfg = Release|Any CPU
		{FFABC738-3692-4E2E-BFE3-92525BB36328}.Release|Any CPU.Build.0 = Release|Any CPU
		{65B459D5-5A91-4932-9D85-F3FFD401B2F5}.Debug|Any CPU.ActiveCfg = Debug|Any CPU
		{65B459D5-5A91-4932-9D85-F3FFD401B2F5}.Debug|Any CPU.Build.0 = Debug|Any CPU
		{65B459D5-5A91-4932-9D85-F3FFD401B2F5}.Release|Any CPU.ActiveCfg = Release|Any CPU
		{65B459D5-5A91-4932-9D85-F3FFD401B2F5}.Release|Any CPU.Build.0 = Release|Any CPU
		{73820DE4-4A63-4E06-9FF0-751EAC1655D2}.Debug|Any CPU.ActiveCfg = Debug|Any CPU
		{73820DE4-4A63-4E06-9FF0-751EAC1655D2}.Debug|Any CPU.Build.0 = Debug|Any CPU
		{73820DE4-4A63-4E06-9FF0-751EAC1655D2}.Release|Any CPU.ActiveCfg = Release|Any CPU
		{73820DE4-4A63-4E06-9FF0-751EAC1655D2}.Release|Any CPU.Build.0 = Release|Any CPU
		{8F3495E5-BC55-4893-8CC2-085727CF5670}.Debug|Any CPU.ActiveCfg = Debug|Any CPU
		{8F3495E5-BC55-4893-8CC2-085727CF5670}.Debug|Any CPU.Build.0 = Debug|Any CPU
		{8F3495E5-BC55-4893-8CC2-085727CF5670}.Release|Any CPU.ActiveCfg = Release|Any CPU
		{8F3495E5-BC55-4893-8CC2-085727CF5670}.Release|Any CPU.Build.0 = Release|Any CPU
		{66B47B3F-B62D-4CF3-AE83-8321CA2853E7}.Debug|Any CPU.ActiveCfg = Debug|Any CPU
		{66B47B3F-B62D-4CF3-AE83-8321CA2853E7}.Debug|Any CPU.Build.0 = Debug|Any CPU
		{66B47B3F-B62D-4CF3-AE83-8321CA2853E7}.Release|Any CPU.ActiveCfg = Release|Any CPU
		{66B47B3F-B62D-4CF3-AE83-8321CA2853E7}.Release|Any CPU.Build.0 = Release|Any CPU
	EndGlobalSection
	GlobalSection(SolutionProperties) = preSolution
		HideSolutionNode = FALSE
	EndGlobalSection
	GlobalSection(ExtensibilityGlobals) = postSolution
		SolutionGuid = {E016657C-1037-470F-BFD1-85ED4C62039E}
	EndGlobalSection
EndGlobal
