
Microsoft Visual Studio Solution File, Format Version 12.00
# Visual Studio Version 16
VisualStudioVersion = 16.0.29215.179
MinimumVisualStudioVersion = 10.0.40219.1
Project("{9A19103F-16F7-4668-BE54-9A1E7A4F7556}") = "OOP", "OOP\OOP.csproj", "{E7C20FB3-CF35-4326-A93B-C193664CF3AA}"
	ProjectSection(ProjectDependencies) = postProject
		{BE2D8A24-F516-4EB4-AE8A-B947DA3FFED0} = {BE2D8A24-F516-4EB4-AE8A-B947DA3FFED0}
	EndProjectSection
EndProject
Project("{9A19103F-16F7-4668-BE54-9A1E7A4F7556}") = "OOP2", "OOP2\OOP2.csproj", "{BE2D8A24-F516-4EB4-AE8A-B947DA3FFED0}"
EndProject
Project("{9A19103F-16F7-4668-BE54-9A1E7A4F7556}") = "HinhHoc", "OOP3\HinhHoc.csproj", "{00603A9D-972D-4010-B710-7565BD4E7031}"
EndProject
Project("{9A19103F-16F7-4668-BE54-9A1E7A4F7556}") = "Thuchanh", "Thuchanh\Thuchanh.csproj", "{6ED11B6E-2407-4DB0-B8E5-51F039436A91}"
EndProject
Project("{9A19103F-16F7-4668-BE54-9A1E7A4F7556}") = "OOP5", "OOP5\OOP5.csproj", "{78BFBF44-6BE2-4465-A0FD-63C6770CDBAB}"
EndProject
Project("{9A19103F-16F7-4668-BE54-9A1E7A4F7556}") = "OOP6", "OOP6\OOP6.csproj", "{3ACF9A15-1C1D-4FDF-9A6C-9105141CB596}"
EndProject
Project("{2150E333-8FDC-42A3-9474-1A3956D46DE8}") = "OOP(1)", "OOP(1)", "{D9105424-B08A-4320-9930-50CD6C5E0C4A}"
EndProject
Project("{9A19103F-16F7-4668-BE54-9A1E7A4F7556}") = "TableT", "TableT\TableT.csproj", "{8A912564-1AB4-403E-A1B0-76C41EBC87F9}"
EndProject
Project("{2150E333-8FDC-42A3-9474-1A3956D46DE8}") = "House", "House", "{B7BD4D69-C0A1-471F-BE41-403BA8B0EC86}"
EndProject
Project("{9A19103F-16F7-4668-BE54-9A1E7A4F7556}") = "TestHouse", "TestHouse\TestHouse.csproj", "{81F559A4-C7FB-41C1-B936-ADBE796C1998}"
EndProject
Project("{2150E333-8FDC-42A3-9474-1A3956D46DE8}") = "Encrypter_1", "Encrypter_1", "{5643A2D1-C1EC-4EA5-A30D-E2B0A19CA095}"
EndProject
Project("{9A19103F-16F7-4668-BE54-9A1E7A4F7556}") = "Encrypter11", "ConsoleApp1\Encrypter11.csproj", "{4483EE76-4BE6-45B8-934B-35F3134C731A}"
EndProject
Project("{FAE04EC0-301F-11D3-BF4B-00C04F79EFBC}") = "Vehicless", "Vehicless\Vehicless.csproj", "{12C35B84-913F-433D-B57D-3733B23D10F5}"
EndProject
Global
	GlobalSection(SolutionConfigurationPlatforms) = preSolution
		Debug|Any CPU = Debug|Any CPU
		Release|Any CPU = Release|Any CPU
	EndGlobalSection
	GlobalSection(ProjectConfigurationPlatforms) = postSolution
		{E7C20FB3-CF35-4326-A93B-C193664CF3AA}.Debug|Any CPU.ActiveCfg = Debug|Any CPU
		{E7C20FB3-CF35-4326-A93B-C193664CF3AA}.Debug|Any CPU.Build.0 = Debug|Any CPU
		{E7C20FB3-CF35-4326-A93B-C193664CF3AA}.Release|Any CPU.ActiveCfg = Release|Any CPU
		{E7C20FB3-CF35-4326-A93B-C193664CF3AA}.Release|Any CPU.Build.0 = Release|Any CPU
		{BE2D8A24-F516-4EB4-AE8A-B947DA3FFED0}.Debug|Any CPU.ActiveCfg = Debug|Any CPU
		{BE2D8A24-F516-4EB4-AE8A-B947DA3FFED0}.Debug|Any CPU.Build.0 = Debug|Any CPU
		{BE2D8A24-F516-4EB4-AE8A-B947DA3FFED0}.Release|Any CPU.ActiveCfg = Release|Any CPU
		{BE2D8A24-F516-4EB4-AE8A-B947DA3FFED0}.Release|Any CPU.Build.0 = Release|Any CPU
		{00603A9D-972D-4010-B710-7565BD4E7031}.Debug|Any CPU.ActiveCfg = Debug|Any CPU
		{00603A9D-972D-4010-B710-7565BD4E7031}.Debug|Any CPU.Build.0 = Debug|Any CPU
		{00603A9D-972D-4010-B710-7565BD4E7031}.Release|Any CPU.ActiveCfg = Release|Any CPU
		{00603A9D-972D-4010-B710-7565BD4E7031}.Release|Any CPU.Build.0 = Release|Any CPU
		{6ED11B6E-2407-4DB0-B8E5-51F039436A91}.Debug|Any CPU.ActiveCfg = Debug|Any CPU
		{6ED11B6E-2407-4DB0-B8E5-51F039436A91}.Debug|Any CPU.Build.0 = Debug|Any CPU
		{6ED11B6E-2407-4DB0-B8E5-51F039436A91}.Release|Any CPU.ActiveCfg = Release|Any CPU
		{6ED11B6E-2407-4DB0-B8E5-51F039436A91}.Release|Any CPU.Build.0 = Release|Any CPU
		{78BFBF44-6BE2-4465-A0FD-63C6770CDBAB}.Debug|Any CPU.ActiveCfg = Debug|Any CPU
		{78BFBF44-6BE2-4465-A0FD-63C6770CDBAB}.Debug|Any CPU.Build.0 = Debug|Any CPU
		{78BFBF44-6BE2-4465-A0FD-63C6770CDBAB}.Release|Any CPU.ActiveCfg = Release|Any CPU
		{78BFBF44-6BE2-4465-A0FD-63C6770CDBAB}.Release|Any CPU.Build.0 = Release|Any CPU
		{3ACF9A15-1C1D-4FDF-9A6C-9105141CB596}.Debug|Any CPU.ActiveCfg = Debug|Any CPU
		{3ACF9A15-1C1D-4FDF-9A6C-9105141CB596}.Debug|Any CPU.Build.0 = Debug|Any CPU
		{3ACF9A15-1C1D-4FDF-9A6C-9105141CB596}.Release|Any CPU.ActiveCfg = Release|Any CPU
		{3ACF9A15-1C1D-4FDF-9A6C-9105141CB596}.Release|Any CPU.Build.0 = Release|Any CPU
		{8A912564-1AB4-403E-A1B0-76C41EBC87F9}.Debug|Any CPU.ActiveCfg = Debug|Any CPU
		{8A912564-1AB4-403E-A1B0-76C41EBC87F9}.Debug|Any CPU.Build.0 = Debug|Any CPU
		{8A912564-1AB4-403E-A1B0-76C41EBC87F9}.Release|Any CPU.ActiveCfg = Release|Any CPU
		{8A912564-1AB4-403E-A1B0-76C41EBC87F9}.Release|Any CPU.Build.0 = Release|Any CPU
		{81F559A4-C7FB-41C1-B936-ADBE796C1998}.Debug|Any CPU.ActiveCfg = Debug|Any CPU
		{81F559A4-C7FB-41C1-B936-ADBE796C1998}.Debug|Any CPU.Build.0 = Debug|Any CPU
		{81F559A4-C7FB-41C1-B936-ADBE796C1998}.Release|Any CPU.ActiveCfg = Release|Any CPU
		{81F559A4-C7FB-41C1-B936-ADBE796C1998}.Release|Any CPU.Build.0 = Release|Any CPU
		{4483EE76-4BE6-45B8-934B-35F3134C731A}.Debug|Any CPU.ActiveCfg = Debug|Any CPU
		{4483EE76-4BE6-45B8-934B-35F3134C731A}.Debug|Any CPU.Build.0 = Debug|Any CPU
		{4483EE76-4BE6-45B8-934B-35F3134C731A}.Release|Any CPU.ActiveCfg = Release|Any CPU
		{4483EE76-4BE6-45B8-934B-35F3134C731A}.Release|Any CPU.Build.0 = Release|Any CPU
		{12C35B84-913F-433D-B57D-3733B23D10F5}.Debug|Any CPU.ActiveCfg = Debug|Any CPU
		{12C35B84-913F-433D-B57D-3733B23D10F5}.Debug|Any CPU.Build.0 = Debug|Any CPU
		{12C35B84-913F-433D-B57D-3733B23D10F5}.Release|Any CPU.ActiveCfg = Release|Any CPU
		{12C35B84-913F-433D-B57D-3733B23D10F5}.Release|Any CPU.Build.0 = Release|Any CPU
	EndGlobalSection
	GlobalSection(SolutionProperties) = preSolution
		HideSolutionNode = FALSE
	EndGlobalSection
	GlobalSection(NestedProjects) = preSolution
		{8A912564-1AB4-403E-A1B0-76C41EBC87F9} = {D9105424-B08A-4320-9930-50CD6C5E0C4A}
		{81F559A4-C7FB-41C1-B936-ADBE796C1998} = {B7BD4D69-C0A1-471F-BE41-403BA8B0EC86}
		{4483EE76-4BE6-45B8-934B-35F3134C731A} = {5643A2D1-C1EC-4EA5-A30D-E2B0A19CA095}
		{12C35B84-913F-433D-B57D-3733B23D10F5} = {D9105424-B08A-4320-9930-50CD6C5E0C4A}
	EndGlobalSection
	GlobalSection(ExtensibilityGlobals) = postSolution
		SolutionGuid = {C6B74B4F-C8B1-45F0-B464-09B5E0E69F81}
	EndGlobalSection
EndGlobal
